
Microsoft Visual Studio Solution File, Format Version 12.00
# Visual Studio Version 17
VisualStudioVersion = 17.10.34817.170
MinimumVisualStudioVersion = 10.0.40219.1
Project("{FAE04EC0-301F-11D3-BF4B-00C04F79EFBC}") = "ConsoleApp12", "ConsoleApp12\ConsoleApp12.csproj", "{37C1A9DA-D9F9-4B1F-B766-E7C07EBF220E}"
EndProject
Global
	GlobalSection(SolutionConfigurationPlatforms) = preSolution
		Debug|Any CPU = Debug|Any CPU
		Release|Any CPU = Release|Any CPU
	EndGlobalSection
	GlobalSection(ProjectConfigurationPlatforms) = postSolution
		{37C1A9DA-D9F9-4B1F-B766-E7C07EBF220E}.Debug|Any CPU.ActiveCfg = Debug|Any CPU
		{37C1A9DA-D9F9-4B1F-B766-E7C07EBF220E}.Debug|Any CPU.Build.0 = Debug|Any CPU
		{37C1A9DA-D9F9-4B1F-B766-E7C07EBF220E}.Release|Any CPU.ActiveCfg = Release|Any CPU
		{37C1A9DA-D9F9-4B1F-B766-E7C07EBF220E}.Release|Any CPU.Build.0 = Release|Any CPU
	EndGlobalSection
	GlobalSection(SolutionProperties) = preSolution
		HideSolutionNode = FALSE
	EndGlobalSection
	GlobalSection(ExtensibilityGlobals) = postSolution
		SolutionGuid = {D4F25BD9-A7F7-4C24-9AFD-C84C3AE56C59}
	EndGlobalSection
EndGlobal
